
Microsoft Visual Studio Solution File, Format Version 12.00
# Visual Studio Version 16
VisualStudioVersion = 16.0.30503.244
MinimumVisualStudioVersion = 10.0.40219.1
Project("{FAE04EC0-301F-11D3-BF4B-00C04F79EFBC}") = "Lab1", "Lab1\Lab1.csproj", "{4079ECCF-9570-4217-B4C8-7F2590406F92}"
EndProject
Global
	GlobalSection(SolutionConfigurationPlatforms) = preSolution
		Debug|Any CPU = Debug|Any CPU
		Release|Any CPU = Release|Any CPU
	EndGlobalSection
	GlobalSection(ProjectConfigurationPlatforms) = postSolution
		{4079ECCF-9570-4217-B4C8-7F2590406F92}.Debug|Any CPU.ActiveCfg = Debug|Any CPU
		{4079ECCF-9570-4217-B4C8-7F2590406F92}.Debug|Any CPU.Build.0 = Debug|Any CPU
		{4079ECCF-9570-4217-B4C8-7F2590406F92}.Release|Any CPU.ActiveCfg = Release|Any CPU
		{4079ECCF-9570-4217-B4C8-7F2590406F92}.Release|Any CPU.Build.0 = Release|Any CPU
	EndGlobalSection
	GlobalSection(SolutionProperties) = preSolution
		HideSolutionNode = FALSE
	EndGlobalSection
	GlobalSection(ExtensibilityGlobals) = postSolution
		SolutionGuid = {3FA64672-5F12-4414-943A-5D380E9CE078}
	EndGlobalSection
EndGlobal
