
Microsoft Visual Studio Solution File, Format Version 12.00
# Visual Studio Version 16
VisualStudioVersion = 16.0.30503.244
MinimumVisualStudioVersion = 10.0.40219.1
Project("{FAE04EC0-301F-11D3-BF4B-00C04F79EFBC}") = "QLSVien", "QLSVien\QLSVien.csproj", "{B4EF8663-1C45-463C-8811-9035419A16F4}"
EndProject
Global
	GlobalSection(SolutionConfigurationPlatforms) = preSolution
		Debug|Any CPU = Debug|Any CPU
		Release|Any CPU = Release|Any CPU
	EndGlobalSection
	GlobalSection(ProjectConfigurationPlatforms) = postSolution
		{B4EF8663-1C45-463C-8811-9035419A16F4}.Debug|Any CPU.ActiveCfg = Debug|Any CPU
		{B4EF8663-1C45-463C-8811-9035419A16F4}.Debug|Any CPU.Build.0 = Debug|Any CPU
		{B4EF8663-1C45-463C-8811-9035419A16F4}.Release|Any CPU.ActiveCfg = Release|Any CPU
		{B4EF8663-1C45-463C-8811-9035419A16F4}.Release|Any CPU.Build.0 = Release|Any CPU
	EndGlobalSection
	GlobalSection(SolutionProperties) = preSolution
		HideSolutionNode = FALSE
	EndGlobalSection
	GlobalSection(ExtensibilityGlobals) = postSolution
		SolutionGuid = {51E425EA-E240-42CE-9675-9495869BDAD6}
	EndGlobalSection
EndGlobal
